
Microsoft Visual Studio Solution File, Format Version 12.00
# Visual Studio Version 16
VisualStudioVersion = 16.0.32002.261
MinimumVisualStudioVersion = 10.0.40219.1
Project("{9A19103F-16F7-4668-BE54-9A1E7A4F7556}") = "Trabalho_de_TDJ", "Trabalho_de_TDJ\Trabalho_de_TDJ.csproj", "{24171E68-EA57-447F-8C37-9033215CC09A}"
EndProject
Global
	GlobalSection(SolutionConfigurationPlatforms) = preSolution
		Debug|Any CPU = Debug|Any CPU
		Release|Any CPU = Release|Any CPU
	EndGlobalSection
	GlobalSection(ProjectConfigurationPlatforms) = postSolution
		{24171E68-EA57-447F-8C37-9033215CC09A}.Debug|Any CPU.ActiveCfg = Debug|Any CPU
		{24171E68-EA57-447F-8C37-9033215CC09A}.Debug|Any CPU.Build.0 = Debug|Any CPU
		{24171E68-EA57-447F-8C37-9033215CC09A}.Release|Any CPU.ActiveCfg = Release|Any CPU
		{24171E68-EA57-447F-8C37-9033215CC09A}.Release|Any CPU.Build.0 = Release|Any CPU
	EndGlobalSection
	GlobalSection(SolutionProperties) = preSolution
		HideSolutionNode = FALSE
	EndGlobalSection
	GlobalSection(ExtensibilityGlobals) = postSolution
		SolutionGuid = {3341018F-4D0E-41D0-86DC-F2FE0CB064B4}
	EndGlobalSection
EndGlobal
